
Microsoft Visual Studio Solution File, Format Version 12.00
# Visual Studio Version 16
VisualStudioVersion = 16.0.29519.181
MinimumVisualStudioVersion = 10.0.40219.1
Project("{FAE04EC0-301F-11D3-BF4B-00C04F79EFBC}") = "TeamCityTest", "TeamCityTest\TeamCityTest.csproj", "{2B546BE5-A21B-4C76-98FD-E0B56189B20A}"
EndProject
Global
	GlobalSection(SolutionConfigurationPlatforms) = preSolution
		Debug|Any CPU = Debug|Any CPU
		Release|Any CPU = Release|Any CPU
	EndGlobalSection
	GlobalSection(ProjectConfigurationPlatforms) = postSolution
		{2B546BE5-A21B-4C76-98FD-E0B56189B20A}.Debug|Any CPU.ActiveCfg = Debug|Any CPU
		{2B546BE5-A21B-4C76-98FD-E0B56189B20A}.Debug|Any CPU.Build.0 = Debug|Any CPU
		{2B546BE5-A21B-4C76-98FD-E0B56189B20A}.Release|Any CPU.ActiveCfg = Release|Any CPU
		{2B546BE5-A21B-4C76-98FD-E0B56189B20A}.Release|Any CPU.Build.0 = Release|Any CPU
	EndGlobalSection
	GlobalSection(SolutionProperties) = preSolution
		HideSolutionNode = FALSE
	EndGlobalSection
	GlobalSection(ExtensibilityGlobals) = postSolution
		SolutionGuid = {0B189C48-D522-4BD2-A9E9-AC034E282073}
	EndGlobalSection
EndGlobal
